Microsoft Visual Studio Solution File, Format Version 12.00
# Visual Studio Version 17
VisualStudioVersion = 17.5.2.0
MinimumVisualStudioVersion = 10.0.40219.1
Project("{FAE04EC0-301F-11D3-BF4B-00C04F79EFBC}") = "reto2_api", "reto2_api.csproj", "{3840694C-CAC8-B692-879E-E902ACD8CD00}"
EndProject
Global
	GlobalSection(SolutionConfigurationPlatforms) = preSolution
		Debug|Any CPU = Debug|Any CPU
		Release|Any CPU = Release|Any CPU
	EndGlobalSection
	GlobalSection(ProjectConfigurationPlatforms) = postSolution
		{3840694C-CAC8-B692-879E-E902ACD8CD00}.Debug|Any CPU.ActiveCfg = Debug|Any CPU
		{3840694C-CAC8-B692-879E-E902ACD8CD00}.Debug|Any CPU.Build.0 = Debug|Any CPU
		{3840694C-CAC8-B692-879E-E902ACD8CD00}.Release|Any CPU.ActiveCfg = Release|Any CPU
		{3840694C-CAC8-B692-879E-E902ACD8CD00}.Release|Any CPU.Build.0 = Release|Any CPU
	EndGlobalSection
	GlobalSection(SolutionProperties) = preSolution
		HideSolutionNode = FALSE
	EndGlobalSection
	GlobalSection(ExtensibilityGlobals) = postSolution
		SolutionGuid = {F3261B41-7383-4B87-BC0E-546E1EBA7877}
	EndGlobalSection
EndGlobal
